
Microsoft Visual Studio Solution File, Format Version 12.00
# Visual Studio Version 16
VisualStudioVersion = 16.0.30517.126
MinimumVisualStudioVersion = 10.0.40219.1
Project("{FAE04EC0-301F-11D3-BF4B-00C04F79EFBC}") = "browser", "browser\browser.csproj", "{978D44E1-2801-4D03-891A-70E3DFBEBA48}"
EndProject
Project("{FAE04EC0-301F-11D3-BF4B-00C04F79EFBC}") = "browser.tests", "UnitTestProject1\browser.tests.csproj", "{5B8BC679-8728-4195-BAB6-B8D789AECC4B}"
EndProject
Project("{FAE04EC0-301F-11D3-BF4B-00C04F79EFBC}") = "unittest_lyubimov", "unittest_lyubimov\unittest_lyubimov.csproj", "{57F49F88-F704-4C1E-92E6-B3BFECB67683}"
EndProject
Global
	GlobalSection(SolutionConfigurationPlatforms) = preSolution
		Debug|Any CPU = Debug|Any CPU
		Release|Any CPU = Release|Any CPU
	EndGlobalSection
	GlobalSection(ProjectConfigurationPlatforms) = postSolution
		{978D44E1-2801-4D03-891A-70E3DFBEBA48}.Debug|Any CPU.ActiveCfg = Debug|Any CPU
		{978D44E1-2801-4D03-891A-70E3DFBEBA48}.Debug|Any CPU.Build.0 = Debug|Any CPU
		{978D44E1-2801-4D03-891A-70E3DFBEBA48}.Release|Any CPU.ActiveCfg = Release|Any CPU
		{978D44E1-2801-4D03-891A-70E3DFBEBA48}.Release|Any CPU.Build.0 = Release|Any CPU
		{5B8BC679-8728-4195-BAB6-B8D789AECC4B}.Debug|Any CPU.ActiveCfg = Debug|Any CPU
		{5B8BC679-8728-4195-BAB6-B8D789AECC4B}.Debug|Any CPU.Build.0 = Debug|Any CPU
		{5B8BC679-8728-4195-BAB6-B8D789AECC4B}.Release|Any CPU.ActiveCfg = Release|Any CPU
		{5B8BC679-8728-4195-BAB6-B8D789AECC4B}.Release|Any CPU.Build.0 = Release|Any CPU
		{57F49F88-F704-4C1E-92E6-B3BFECB67683}.Debug|Any CPU.ActiveCfg = Debug|Any CPU
		{57F49F88-F704-4C1E-92E6-B3BFECB67683}.Debug|Any CPU.Build.0 = Debug|Any CPU
		{57F49F88-F704-4C1E-92E6-B3BFECB67683}.Release|Any CPU.ActiveCfg = Release|Any CPU
		{57F49F88-F704-4C1E-92E6-B3BFECB67683}.Release|Any CPU.Build.0 = Release|Any CPU
	EndGlobalSection
	GlobalSection(SolutionProperties) = preSolution
		HideSolutionNode = FALSE
	EndGlobalSection
	GlobalSection(ExtensibilityGlobals) = postSolution
		SolutionGuid = {9ACAD964-C410-4DD9-9B26-0F39CABEACD4}
	EndGlobalSection
EndGlobal
